
Microsoft Visual Studio Solution File, Format Version 12.00
# Visual Studio Version 17
VisualStudioVersion = 17.10.35004.147
MinimumVisualStudioVersion = 10.0.40219.1
Project("{9A19103F-16F7-4668-BE54-9A1E7A4F7556}") = "BulkyBookWeb", "BulkyWeb\BulkyBookWeb.csproj", "{07C99FC6-64DF-4FAE-8DC2-F696E20CF8BB}"
EndProject
Project("{9A19103F-16F7-4668-BE54-9A1E7A4F7556}") = "BulkyWebRazor_Temp", "BulkyWebRazor_Temp\BulkyWebRazor_Temp.csproj", "{AE70504D-CFE7-405B-9625-08C8B391A334}"
EndProject
Project("{9A19103F-16F7-4668-BE54-9A1E7A4F7556}") = "BulkyBook.DataAccess", "Bulky.DataAccess\BulkyBook.DataAccess.csproj", "{3C6FAAB6-B049-4478-8043-BF477334CE12}"
EndProject
Project("{9A19103F-16F7-4668-BE54-9A1E7A4F7556}") = "BulkyBook.Models", "Bulky.Models\BulkyBook.Models.csproj", "{AA8506EE-32A2-4EBD-B776-041CAB229C9F}"
EndProject
Project("{9A19103F-16F7-4668-BE54-9A1E7A4F7556}") = "BulkyBook.Utility", "Bulky.Utility\BulkyBook.Utility.csproj", "{1AE816E8-4216-4BB5-ADAB-C488F493551F}"
EndProject
Global
	GlobalSection(SolutionConfigurationPlatforms) = preSolution
		Debug|Any CPU = Debug|Any CPU
		Release|Any CPU = Release|Any CPU
	EndGlobalSection
	GlobalSection(ProjectConfigurationPlatforms) = postSolution
		{07C99FC6-64DF-4FAE-8DC2-F696E20CF8BB}.Debug|Any CPU.ActiveCfg = Debug|Any CPU
		{07C99FC6-64DF-4FAE-8DC2-F696E20CF8BB}.Debug|Any CPU.Build.0 = Debug|Any CPU
		{07C99FC6-64DF-4FAE-8DC2-F696E20CF8BB}.Release|Any CPU.ActiveCfg = Release|Any CPU
		{07C99FC6-64DF-4FAE-8DC2-F696E20CF8BB}.Release|Any CPU.Build.0 = Release|Any CPU
		{AE70504D-CFE7-405B-9625-08C8B391A334}.Debug|Any CPU.ActiveCfg = Debug|Any CPU
		{AE70504D-CFE7-405B-9625-08C8B391A334}.Debug|Any CPU.Build.0 = Debug|Any CPU
		{AE70504D-CFE7-405B-9625-08C8B391A334}.Release|Any CPU.ActiveCfg = Release|Any CPU
		{AE70504D-CFE7-405B-9625-08C8B391A334}.Release|Any CPU.Build.0 = Release|Any CPU
		{3C6FAAB6-B049-4478-8043-BF477334CE12}.Debug|Any CPU.ActiveCfg = Debug|Any CPU
		{3C6FAAB6-B049-4478-8043-BF477334CE12}.Debug|Any CPU.Build.0 = Debug|Any CPU
		{3C6FAAB6-B049-4478-8043-BF477334CE12}.Release|Any CPU.ActiveCfg = Release|Any CPU
		{3C6FAAB6-B049-4478-8043-BF477334CE12}.Release|Any CPU.Build.0 = Release|Any CPU
		{AA8506EE-32A2-4EBD-B776-041CAB229C9F}.Debug|Any CPU.ActiveCfg = Debug|Any CPU
		{AA8506EE-32A2-4EBD-B776-041CAB229C9F}.Debug|Any CPU.Build.0 = Debug|Any CPU
		{AA8506EE-32A2-4EBD-B776-041CAB229C9F}.Release|Any CPU.ActiveCfg = Release|Any CPU
		{AA8506EE-32A2-4EBD-B776-041CAB229C9F}.Release|Any CPU.Build.0 = Release|Any CPU
		{1AE816E8-4216-4BB5-ADAB-C488F493551F}.Debug|Any CPU.ActiveCfg = Debug|Any CPU
		{1AE816E8-4216-4BB5-ADAB-C488F493551F}.Debug|Any CPU.Build.0 = Debug|Any CPU
		{1AE816E8-4216-4BB5-ADAB-C488F493551F}.Release|Any CPU.ActiveCfg = Release|Any CPU
		{1AE816E8-4216-4BB5-ADAB-C488F493551F}.Release|Any CPU.Build.0 = Release|Any CPU
	EndGlobalSection
	GlobalSection(SolutionProperties) = preSolution
		HideSolutionNode = FALSE
	EndGlobalSection
	GlobalSection(ExtensibilityGlobals) = postSolution
		SolutionGuid = {EACF7324-A3ED-4CB0-90B8-C71D7D3D0D64}
	EndGlobalSection
EndGlobal
